lockfileVersion: '9.0'

settings:
  autoInstallPeers: true
  excludeLinksFromLockfile: false

importers:

  .:
    devDependencies:
      '@types/wechat-miniprogram':
        specifier: ^3.4.8
        version: 3.4.8
      typescript:
        specifier: ^5.7.3
        version: 5.7.3

packages:

  '@types/wechat-miniprogram@3.4.8':
    resolution: {integrity: sha512-lOqddA707X3SZxVhlZNBZPzYzj7lG/ED2fF30k+aE2oT6R4wfw0Wiup2k2hGrmzYUFyJXfGs01sDCuJMhQMAdg==}

  typescript@5.7.3:
    resolution: {integrity: sha512-84MVSjMEHP+FQRPy3pX9sTVV/INIex71s9TL2Gm5FG/WG1SqXeKyZ0k7/blY/4FdOzI12CBy1vGc4og/eus0fw==}
    engines: {node: '>=14.17'}
    hasBin: true

snapshots:

  '@types/wechat-miniprogram@3.4.8': {}

  typescript@5.7.3: {}
